
Microsoft Visual Studio Solution File, Format Version 12.00
# Visual Studio Version 17
VisualStudioVersion = 17.10.35013.160
MinimumVisualStudioVersion = 10.0.40219.1
Project("{9A19103F-16F7-4668-BE54-9A1E7A4F7556}") = "rest-cap.Server", "rest-cap.Server\rest-cap.Server.csproj", "{17DBEB1F-50FB-4DD2-86FC-EDAE2E1C128D}"
EndProject
Project("{54A90642-561A-4BB1-A94E-469ADEE60C69}") = "rest-cap.client", "rest-cap.client\rest-cap.client.esproj", "{74F2EF23-67C2-454F-871A-601B3C9DA6D8}"
EndProject
Global
	GlobalSection(SolutionConfigurationPlatforms) = preSolution
		Debug|Any CPU = Debug|Any CPU
		Development|Any CPU = Development|Any CPU
		Release|Any CPU = Release|Any CPU
	EndGlobalSection
	GlobalSection(ProjectConfigurationPlatforms) = postSolution
		{17DBEB1F-50FB-4DD2-86FC-EDAE2E1C128D}.Debug|Any CPU.ActiveCfg = Debug|Any CPU
		{17DBEB1F-50FB-4DD2-86FC-EDAE2E1C128D}.Debug|Any CPU.Build.0 = Debug|Any CPU
		{17DBEB1F-50FB-4DD2-86FC-EDAE2E1C128D}.Development|Any CPU.ActiveCfg = Development|Any CPU
		{17DBEB1F-50FB-4DD2-86FC-EDAE2E1C128D}.Development|Any CPU.Build.0 = Development|Any CPU
		{17DBEB1F-50FB-4DD2-86FC-EDAE2E1C128D}.Release|Any CPU.ActiveCfg = Release|Any CPU
		{17DBEB1F-50FB-4DD2-86FC-EDAE2E1C128D}.Release|Any CPU.Build.0 = Release|Any CPU
		{74F2EF23-67C2-454F-871A-601B3C9DA6D8}.Debug|Any CPU.ActiveCfg = Debug|Any CPU
		{74F2EF23-67C2-454F-871A-601B3C9DA6D8}.Debug|Any CPU.Build.0 = Debug|Any CPU
		{74F2EF23-67C2-454F-871A-601B3C9DA6D8}.Debug|Any CPU.Deploy.0 = Debug|Any CPU
		{74F2EF23-67C2-454F-871A-601B3C9DA6D8}.Development|Any CPU.ActiveCfg = Development|Any CPU
		{74F2EF23-67C2-454F-871A-601B3C9DA6D8}.Development|Any CPU.Build.0 = Development|Any CPU
		{74F2EF23-67C2-454F-871A-601B3C9DA6D8}.Development|Any CPU.Deploy.0 = Development|Any CPU
		{74F2EF23-67C2-454F-871A-601B3C9DA6D8}.Release|Any CPU.ActiveCfg = Release|Any CPU
		{74F2EF23-67C2-454F-871A-601B3C9DA6D8}.Release|Any CPU.Build.0 = Release|Any CPU
		{74F2EF23-67C2-454F-871A-601B3C9DA6D8}.Release|Any CPU.Deploy.0 = Release|Any CPU
	EndGlobalSection
	GlobalSection(SolutionProperties) = preSolution
		HideSolutionNode = FALSE
	EndGlobalSection
	GlobalSection(ExtensibilityGlobals) = postSolution
		SolutionGuid = {DB425CEE-3B70-4F0E-9786-F311AB97FA5C}
	EndGlobalSection
EndGlobal
